
Microsoft Visual Studio Solution File, Format Version 12.00
# Visual Studio Version 17
VisualStudioVersion = 17.9.34511.98
MinimumVisualStudioVersion = 10.0.40219.1
Project("{FAE04EC0-301F-11D3-BF4B-00C04F79EFBC}") = "AirFryer.Client", "AirFryer.Client\AirFryer.Client.csproj", "{ED0A617A-EA54-48F9-ABF1-9E17E5A1FD8F}"
EndProject
Project("{2150E333-8FDC-42A3-9474-1A3956D46DE8}") = "Solution Items", "Solution Items", "{60CF7C59-A997-4B1F-A0D7-21E82FDC508A}"
	ProjectSection(SolutionItems) = preProject
		.gitattributes = .gitattributes
		.gitignore = .gitignore
	EndProjectSection
EndProject
Global
	GlobalSection(SolutionConfigurationPlatforms) = preSolution
		Debug|Any CPU = Debug|Any CPU
		Release|Any CPU = Release|Any CPU
	EndGlobalSection
	GlobalSection(ProjectConfigurationPlatforms) = postSolution
		{ED0A617A-EA54-48F9-ABF1-9E17E5A1FD8F}.Debug|Any CPU.ActiveCfg = Debug|Any CPU
		{ED0A617A-EA54-48F9-ABF1-9E17E5A1FD8F}.Debug|Any CPU.Build.0 = Debug|Any CPU
		{ED0A617A-EA54-48F9-ABF1-9E17E5A1FD8F}.Release|Any CPU.ActiveCfg = Release|Any CPU
		{ED0A617A-EA54-48F9-ABF1-9E17E5A1FD8F}.Release|Any CPU.Build.0 = Release|Any CPU
	EndGlobalSection
	GlobalSection(SolutionProperties) = preSolution
		HideSolutionNode = FALSE
	EndGlobalSection
	GlobalSection(ExtensibilityGlobals) = postSolution
		SolutionGuid = {74B29641-B19F-4584-A012-0E0376C31472}
	EndGlobalSection
EndGlobal
